<?xml version="1.0" encoding="utf-8"?>
<Project ToolsVersion="4.0" xmlns="http://schemas.microsoft.com/developer/msbuild/2003">
  <ItemGroup>
    <Filter Include="资源文件">
      <UniqueIdentifier>{67DA6AB6-F800-4c08-8B7A-83BB121AAD01}</UniqueIdentifier>
      <Extensions>rc;ico;cur;bmp;dlg;rc2;rct;bin;rgs;gif;jpg;jpeg;jpe;resx;tiff;tif;png;wav;mfcribbon-ms</Extensions>
    </Filter>
    <Filter Include="gui">
      <UniqueIdentifier>{7a9bd20c-ca9d-4a8b-bc77-f25c6386b417}</UniqueIdentifier>
    </Filter>
    <Filter Include="src">
      <UniqueIdentifier>{08f85d1e-862d-4fa0-8e81-3a378ad633a5}</UniqueIdentifier>
    </Filter>
    <Filter Include="include">
      <UniqueIdentifier>{4071914a-85b4-4dd6-b277-bedc33952c3b}</UniqueIdentifier>
    </Filter>
    <Filter Include="other">
      <UniqueIdentifier>{b7c86620-461f-4ef0-a0d2-3343cca3c6aa}</UniqueIdentifier>
    </Filter>
  </ItemGroup>
  <ItemGroup>
    <None Include="ReadMe.txt" />
    <None Include="yypaint.reg" />
    <None Include="res\file_view.ico">
      <Filter>资源文件</Filter>
    </None>
    <None Include="res\file_view_hc.ico">
      <Filter>资源文件</Filter>
    </None>
    <None Include="res\class_view.ico">
      <Filter>资源文件</Filter>
    </None>
    <None Include="res\class_view_hc.ico">
      <Filter>资源文件</Filter>
    </None>
    <None Include="res\fileview.bmp">
      <Filter>资源文件</Filter>
    </None>
    <None Include="res\fileview_hc.bmp">
      <Filter>资源文件</Filter>
    </None>
    <None Include="res\classview.bmp">
      <Filter>资源文件</Filter>
    </None>
    <None Include="res\classview_hc.bmp">
      <Filter>资源文件</Filter>
    </None>
    <None Include="res\explorer.bmp">
      <Filter>资源文件</Filter>
    </None>
    <None Include="res\explorer_hc.bmp">
      <Filter>资源文件</Filter>
    </None>
    <None Include="res\sort.bmp">
      <Filter>资源文件</Filter>
    </None>
    <None Include="res\sort_hc.bmp">
      <Filter>资源文件</Filter>
    </None>
    <None Include="res\menuimages.bmp">
      <Filter>资源文件</Filter>
    </None>
    <None Include="res\menuimages_hc.bmp">
      <Filter>资源文件</Filter>
    </None>
    <None Include="res\output_wnd.ico">
      <Filter>资源文件</Filter>
    </None>
    <None Include="res\output_wnd_hc.ico">
      <Filter>资源文件</Filter>
    </None>
    <None Include="res\properties_wnd.ico">
      <Filter>资源文件</Filter>
    </None>
    <None Include="res\properties_wnd_hc.ico">
      <Filter>资源文件</Filter>
    </None>
    <None Include="res\properties.bmp">
      <Filter>资源文件</Filter>
    </None>
    <None Include="res\properties_hc.bmp">
      <Filter>资源文件</Filter>
    </None>
    <None Include="UserImages.bmp">
      <Filter>资源文件</Filter>
    </None>
    <None Include="res\yypaint.rc2">
      <Filter>资源文件</Filter>
    </None>
    <None Include="res\yypaintDoc.ico">
      <Filter>资源文件</Filter>
    </None>
    <None Include="res\yypaint.ico">
      <Filter>资源文件</Filter>
    </None>
    <None Include="res\Toolbar.bmp">
      <Filter>资源文件</Filter>
    </None>
    <None Include="res\Toolbar256.bmp">
      <Filter>资源文件</Filter>
    </None>
  </ItemGroup>
  <ItemGroup>
    <ClInclude Include="ChildFrm.h">
      <Filter>gui</Filter>
    </ClInclude>
    <ClInclude Include="yypaintView.h">
      <Filter>gui</Filter>
    </ClInclude>
    <ClInclude Include="MainFrm.h">
      <Filter>gui</Filter>
    </ClInclude>
    <ClInclude Include="Resource.h">
      <Filter>gui</Filter>
    </ClInclude>
    <ClInclude Include="stdafx.h">
      <Filter>gui</Filter>
    </ClInclude>
    <ClInclude Include="targetver.h">
      <Filter>gui</Filter>
    </ClInclude>
    <ClInclude Include="ViewTree.h">
      <Filter>gui</Filter>
    </ClInclude>
    <ClInclude Include="yypaint.h">
      <Filter>gui</Filter>
    </ClInclude>
    <ClInclude Include="yypaintDoc.h">
      <Filter>gui</Filter>
    </ClInclude>
    <ClInclude Include="..\..\include\ICell.h">
      <Filter>include</Filter>
    </ClInclude>
    <ClInclude Include="..\..\include\IGraph.h">
      <Filter>include</Filter>
    </ClInclude>
    <ClInclude Include="..\..\include\ITool.h">
      <Filter>include</Filter>
    </ClInclude>
    <ClInclude Include="..\src\TGraph.h">
      <Filter>src</Filter>
    </ClInclude>
    <ClInclude Include="..\src\TLoadDll.h">
      <Filter>src</Filter>
    </ClInclude>
    <ClInclude Include="ToolBarView.h">
      <Filter>gui</Filter>
    </ClInclude>
    <ClInclude Include="..\src\TToolbar.h">
      <Filter>src</Filter>
    </ClInclude>
    <ClInclude Include="..\src\TMyView.h">
      <Filter>src</Filter>
    </ClInclude>
    <ClInclude Include="IUndo.h" />
    <ClInclude Include="TUndoList.h" />
    <ClInclude Include="TUndo_CreateCell.h" />
    <ClInclude Include="TUndo_EndDrag.h" />
  </ItemGroup>
  <ItemGroup>
    <ClCompile Include="ChildFrm.cpp">
      <Filter>gui</Filter>
    </ClCompile>
    <ClCompile Include="yypaintView.cpp">
      <Filter>gui</Filter>
    </ClCompile>
    <ClCompile Include="MainFrm.cpp">
      <Filter>gui</Filter>
    </ClCompile>
    <ClCompile Include="stdafx.cpp">
      <Filter>gui</Filter>
    </ClCompile>
    <ClCompile Include="ViewTree.cpp">
      <Filter>gui</Filter>
    </ClCompile>
    <ClCompile Include="yypaint.cpp">
      <Filter>gui</Filter>
    </ClCompile>
    <ClCompile Include="yypaintDoc.cpp">
      <Filter>gui</Filter>
    </ClCompile>
    <ClCompile Include="..\src\TGraph.cpp">
      <Filter>src</Filter>
    </ClCompile>
    <ClCompile Include="..\src\TLoadDll.cpp">
      <Filter>src</Filter>
    </ClCompile>
    <ClCompile Include="ToolBarView.cpp">
      <Filter>gui</Filter>
    </ClCompile>
    <ClCompile Include="..\src\TToolbar.cpp">
      <Filter>src</Filter>
    </ClCompile>
    <ClCompile Include="..\src\TMyView.cpp">
      <Filter>src</Filter>
    </ClCompile>
    <ClCompile Include="..\..\Tool_Rectangle\Tool_Rectangle\TCell_Rectangle.cpp">
      <Filter>other</Filter>
    </ClCompile>
    <ClCompile Include="..\..\Tool_Rectangle\Tool_Rectangle\Tool_Rectangle.cpp">
      <Filter>other</Filter>
    </ClCompile>
    <ClCompile Include="..\..\Tool_Rectangle\Tool_Rectangle\TTool_Rectangle.cpp">
      <Filter>other</Filter>
    </ClCompile>
    <ClCompile Include="IUndo.cpp" />
    <ClCompile Include="TUndoList.cpp" />
    <ClCompile Include="TUndo_CreateCell.cpp" />
    <ClCompile Include="TUndo_EndDrag.cpp" />
  </ItemGroup>
  <ItemGroup>
    <ResourceCompile Include="yypaint.rc">
      <Filter>资源文件</Filter>
    </ResourceCompile>
  </ItemGroup>
</Project>